
Microsoft Visual Studio Solution File, Format Version 12.00
# Visual Studio Version 16
VisualStudioVersion = 16.0.30503.244
MinimumVisualStudioVersion = 10.0.40219.1
Project("{FAE04EC0-301F-11D3-BF4B-00C04F79EFBC}") = "2 Инда, Жуков", "2 Инда, Жуков.csproj", "{10C04305-8940-438A-A33D-5D6C01B33C2D}"
EndProject
Global
	GlobalSection(SolutionConfigurationPlatforms) = preSolution
		Debug|Any CPU = Debug|Any CPU
		Release|Any CPU = Release|Any CPU
	EndGlobalSection
	GlobalSection(ProjectConfigurationPlatforms) = postSolution
		{10C04305-8940-438A-A33D-5D6C01B33C2D}.Debug|Any CPU.ActiveCfg = Debug|Any CPU
		{10C04305-8940-438A-A33D-5D6C01B33C2D}.Debug|Any CPU.Build.0 = Debug|Any CPU
		{10C04305-8940-438A-A33D-5D6C01B33C2D}.Release|Any CPU.ActiveCfg = Release|Any CPU
		{10C04305-8940-438A-A33D-5D6C01B33C2D}.Release|Any CPU.Build.0 = Release|Any CPU
	EndGlobalSection
	GlobalSection(SolutionProperties) = preSolution
		HideSolutionNode = FALSE
	EndGlobalSection
	GlobalSection(ExtensibilityGlobals) = postSolution
		SolutionGuid = {AC05D2C8-7BD7-4977-B41B-CBB6219AC1EF}
	EndGlobalSection
EndGlobal
